
Microsoft Visual Studio Solution File, Format Version 12.00
# Visual Studio Version 17
VisualStudioVersion = 17.2.32519.379
MinimumVisualStudioVersion = 10.0.40219.1
Project("{FAE04EC0-301F-11D3-BF4B-00C04F79EFBC}") = "SocialLibraryMVC", "SocialLibraryMVC\SocialLibraryMVC.csproj", "{16CC91D1-5500-4D8B-B022-37BFEB42AE19}"
EndProject
Global
	GlobalSection(SolutionConfigurationPlatforms) = preSolution
		Debug|Any CPU = Debug|Any CPU
		Release|Any CPU = Release|Any CPU
	EndGlobalSection
	GlobalSection(ProjectConfigurationPlatforms) = postSolution
		{16CC91D1-5500-4D8B-B022-37BFEB42AE19}.Debug|Any CPU.ActiveCfg = Debug|Any CPU
		{16CC91D1-5500-4D8B-B022-37BFEB42AE19}.Debug|Any CPU.Build.0 = Debug|Any CPU
		{16CC91D1-5500-4D8B-B022-37BFEB42AE19}.Release|Any CPU.ActiveCfg = Release|Any CPU
		{16CC91D1-5500-4D8B-B022-37BFEB42AE19}.Release|Any CPU.Build.0 = Release|Any CPU
	EndGlobalSection
	GlobalSection(SolutionProperties) = preSolution
		HideSolutionNode = FALSE
	EndGlobalSection
	GlobalSection(ExtensibilityGlobals) = postSolution
		SolutionGuid = {A4F0FC42-8936-431C-A0D3-149B2503C857}
	EndGlobalSection
EndGlobal
